{
  "name": "@hg8496/umgfinder",
  "version": "1.0.0",
  "lockfileVersion": 1,
  "requires": true,
  "dependencies": {
    "@hg8496/netmask": {
      "version": "1.0.9",
      "resolved": "https://registry.npmjs.org/@hg8496/netmask/-/netmask-1.0.9.tgz",
      "integrity": "sha512-apFhv8QX8xFsMDC1Q3KeKdeQjcxtdzj/Vbena9z/wqORdoobbgattRb2leOwSzt6ORzK2j/CRQduAgmg9V8G6Q=="
    }
  }
}
